
Microsoft Visual Studio Solution File, Format Version 12.00
# Visual Studio 15
VisualStudioVersion = 15.0.26124.0
MinimumVisualStudioVersion = 15.0.26124.0
Project("{FAE04EC0-301F-11D3-BF4B-00C04F79EFBC}") = "Gateway.API", "Gateway.API\Gateway.API.csproj", "{AA9C36F4-DBA0-40E9-9066-501E41CC3858}"
EndProject
Project("{2150E333-8FDC-42A3-9474-1A3956D46DE8}") = "Tests", "Tests", "{8D8518F7-BFAB-4425-9505-89617ABC560F}"
EndProject
Project("{FAE04EC0-301F-11D3-BF4B-00C04F79EFBC}") = "User.API.Tests", "Tests\User.API.Tests\User.API.Tests.csproj", "{420D53D6-8D8C-48B0-860D-90E9E93D5E50}"
EndProject
Project("{FAE04EC0-301F-11D3-BF4B-00C04F79EFBC}") = "User.API", "User.API\User.API.csproj", "{C059F859-6002-40B4-AF35-FAC3743727A4}"
EndProject
Project("{FAE04EC0-301F-11D3-BF4B-00C04F79EFBC}") = "User.Identity", "User.Identity\User.Identity.csproj", "{2A99BA43-0A32-41AA-B813-390BCED46D0B}"
EndProject
Project("{2150E333-8FDC-42A3-9474-1A3956D46DE8}") = "TestCode", "TestCode", "{51CFEDB5-28F6-4DDB-8A73-AD02D4B2261F}"
EndProject
Project("{FAE04EC0-301F-11D3-BF4B-00C04F79EFBC}") = "GatewayWithConsul", "TestCode\GatewayWithConsul\GatewayWithConsul.csproj", "{0D26993E-FEAF-468E-BDED-132590F0E1BC}"
EndProject
Project("{FAE04EC0-301F-11D3-BF4B-00C04F79EFBC}") = "TestConsulApi1", "TestCode\TestConsulApi1\TestConsulApi1.csproj", "{A4D234BD-624D-4CD5-841F-5C2A62C8FA86}"
EndProject
Project("{FAE04EC0-301F-11D3-BF4B-00C04F79EFBC}") = "TestConsulApi2", "TestCode\TestConsulApi2\TestConsulApi2.csproj", "{844BAA5D-11B0-4325-B7CB-9613E321592B}"
EndProject
Project("{FAE04EC0-301F-11D3-BF4B-00C04F79EFBC}") = "TestConsulClient", "TestCode\TestConsulClient\TestConsulClient.csproj", "{28DDB4ED-A81A-447A-B97E-CDC2C7E56AD8}"
EndProject
Project("{2150E333-8FDC-42A3-9474-1A3956D46DE8}") = "BuildingBlocks", "BuildingBlocks", "{7405663D-0AD3-47DB-8F8C-917592111EF1}"
EndProject
Project("{FAE04EC0-301F-11D3-BF4B-00C04F79EFBC}") = "Resilience", "BuildingBlocks\Resilience\Resilience.csproj", "{FCF7B55E-AF99-49A6-8674-1F3A033D02B5}"
EndProject
Project("{FAE04EC0-301F-11D3-BF4B-00C04F79EFBC}") = "Contact.API", "Contact.API\Contact.API.csproj", "{ADA095BA-C405-4AC9-BDB8-5AAA83F06B20}"
EndProject
Project("{2150E333-8FDC-42A3-9474-1A3956D46DE8}") = "Project", "Project", "{93FA0DC1-573A-46EC-BFED-4A44ECC2C24C}"
EndProject
Project("{FAE04EC0-301F-11D3-BF4B-00C04F79EFBC}") = "Project.API", "Project\Project.API\Project.API.csproj", "{17FE812F-DE9F-4563-BCB1-DEA209833586}"
EndProject
Project("{FAE04EC0-301F-11D3-BF4B-00C04F79EFBC}") = "Project.Domain", "Project\Project.Domain\Project.Domain.csproj", "{A8A91597-2C46-4EAA-A789-B6EE94772EF7}"
EndProject
Project("{FAE04EC0-301F-11D3-BF4B-00C04F79EFBC}") = "Project.Infrastructure", "Project\Project.Infrastructure\Project.Infrastructure.csproj", "{DDE01FDE-66CF-47A4-B1E1-40C533C4FEFE}"
EndProject
Project("{FAE04EC0-301F-11D3-BF4B-00C04F79EFBC}") = "Recommend.API", "Recommend.API\Recommend.API.csproj", "{C744E1E2-4AF5-43E0-A0A4-90EE42EB5B21}"
EndProject
Global
	GlobalSection(SolutionConfigurationPlatforms) = preSolution
		Debug|Any CPU = Debug|Any CPU
		Debug|x64 = Debug|x64
		Debug|x86 = Debug|x86
		Release|Any CPU = Release|Any CPU
		Release|x64 = Release|x64
		Release|x86 = Release|x86
	EndGlobalSection
	GlobalSection(SolutionProperties) = preSolution
		HideSolutionNode = FALSE
	EndGlobalSection
	GlobalSection(ProjectConfigurationPlatforms) = postSolution
		{AA9C36F4-DBA0-40E9-9066-501E41CC3858}.Debug|Any CPU.ActiveCfg = Debug|Any CPU
		{AA9C36F4-DBA0-40E9-9066-501E41CC3858}.Debug|Any CPU.Build.0 = Debug|Any CPU
		{AA9C36F4-DBA0-40E9-9066-501E41CC3858}.Debug|x64.ActiveCfg = Debug|Any CPU
		{AA9C36F4-DBA0-40E9-9066-501E41CC3858}.Debug|x64.Build.0 = Debug|Any CPU
		{AA9C36F4-DBA0-40E9-9066-501E41CC3858}.Debug|x86.ActiveCfg = Debug|Any CPU
		{AA9C36F4-DBA0-40E9-9066-501E41CC3858}.Debug|x86.Build.0 = Debug|Any CPU
		{AA9C36F4-DBA0-40E9-9066-501E41CC3858}.Release|Any CPU.ActiveCfg = Release|Any CPU
		{AA9C36F4-DBA0-40E9-9066-501E41CC3858}.Release|Any CPU.Build.0 = Release|Any CPU
		{AA9C36F4-DBA0-40E9-9066-501E41CC3858}.Release|x64.ActiveCfg = Release|Any CPU
		{AA9C36F4-DBA0-40E9-9066-501E41CC3858}.Release|x64.Build.0 = Release|Any CPU
		{AA9C36F4-DBA0-40E9-9066-501E41CC3858}.Release|x86.ActiveCfg = Release|Any CPU
		{AA9C36F4-DBA0-40E9-9066-501E41CC3858}.Release|x86.Build.0 = Release|Any CPU
		{420D53D6-8D8C-48B0-860D-90E9E93D5E50}.Debug|Any CPU.ActiveCfg = Debug|Any CPU
		{420D53D6-8D8C-48B0-860D-90E9E93D5E50}.Debug|Any CPU.Build.0 = Debug|Any CPU
		{420D53D6-8D8C-48B0-860D-90E9E93D5E50}.Debug|x64.ActiveCfg = Debug|Any CPU
		{420D53D6-8D8C-48B0-860D-90E9E93D5E50}.Debug|x64.Build.0 = Debug|Any CPU
		{420D53D6-8D8C-48B0-860D-90E9E93D5E50}.Debug|x86.ActiveCfg = Debug|Any CPU
		{420D53D6-8D8C-48B0-860D-90E9E93D5E50}.Debug|x86.Build.0 = Debug|Any CPU
		{420D53D6-8D8C-48B0-860D-90E9E93D5E50}.Release|Any CPU.ActiveCfg = Release|Any CPU
		{420D53D6-8D8C-48B0-860D-90E9E93D5E50}.Release|Any CPU.Build.0 = Release|Any CPU
		{420D53D6-8D8C-48B0-860D-90E9E93D5E50}.Release|x64.ActiveCfg = Release|Any CPU
		{420D53D6-8D8C-48B0-860D-90E9E93D5E50}.Release|x64.Build.0 = Release|Any CPU
		{420D53D6-8D8C-48B0-860D-90E9E93D5E50}.Release|x86.ActiveCfg = Release|Any CPU
		{420D53D6-8D8C-48B0-860D-90E9E93D5E50}.Release|x86.Build.0 = Release|Any CPU
		{C059F859-6002-40B4-AF35-FAC3743727A4}.Debug|Any CPU.ActiveCfg = Debug|Any CPU
		{C059F859-6002-40B4-AF35-FAC3743727A4}.Debug|Any CPU.Build.0 = Debug|Any CPU
		{C059F859-6002-40B4-AF35-FAC3743727A4}.Debug|x64.ActiveCfg = Debug|Any CPU
		{C059F859-6002-40B4-AF35-FAC3743727A4}.Debug|x64.Build.0 = Debug|Any CPU
		{C059F859-6002-40B4-AF35-FAC3743727A4}.Debug|x86.ActiveCfg = Debug|Any CPU
		{C059F859-6002-40B4-AF35-FAC3743727A4}.Debug|x86.Build.0 = Debug|Any CPU
		{C059F859-6002-40B4-AF35-FAC3743727A4}.Release|Any CPU.ActiveCfg = Release|Any CPU
		{C059F859-6002-40B4-AF35-FAC3743727A4}.Release|Any CPU.Build.0 = Release|Any CPU
		{C059F859-6002-40B4-AF35-FAC3743727A4}.Release|x64.ActiveCfg = Release|Any CPU
		{C059F859-6002-40B4-AF35-FAC3743727A4}.Release|x64.Build.0 = Release|Any CPU
		{C059F859-6002-40B4-AF35-FAC3743727A4}.Release|x86.ActiveCfg = Release|Any CPU
		{C059F859-6002-40B4-AF35-FAC3743727A4}.Release|x86.Build.0 = Release|Any CPU
		{2A99BA43-0A32-41AA-B813-390BCED46D0B}.Debug|Any CPU.ActiveCfg = Debug|Any CPU
		{2A99BA43-0A32-41AA-B813-390BCED46D0B}.Debug|Any CPU.Build.0 = Debug|Any CPU
		{2A99BA43-0A32-41AA-B813-390BCED46D0B}.Debug|x64.ActiveCfg = Debug|Any CPU
		{2A99BA43-0A32-41AA-B813-390BCED46D0B}.Debug|x64.Build.0 = Debug|Any CPU
		{2A99BA43-0A32-41AA-B813-390BCED46D0B}.Debug|x86.ActiveCfg = Debug|Any CPU
		{2A99BA43-0A32-41AA-B813-390BCED46D0B}.Debug|x86.Build.0 = Debug|Any CPU
		{2A99BA43-0A32-41AA-B813-390BCED46D0B}.Release|Any CPU.ActiveCfg = Release|Any CPU
		{2A99BA43-0A32-41AA-B813-390BCED46D0B}.Release|Any CPU.Build.0 = Release|Any CPU
		{2A99BA43-0A32-41AA-B813-390BCED46D0B}.Release|x64.ActiveCfg = Release|Any CPU
		{2A99BA43-0A32-41AA-B813-390BCED46D0B}.Release|x64.Build.0 = Release|Any CPU
		{2A99BA43-0A32-41AA-B813-390BCED46D0B}.Release|x86.ActiveCfg = Release|Any CPU
		{2A99BA43-0A32-41AA-B813-390BCED46D0B}.Release|x86.Build.0 = Release|Any CPU
		{0D26993E-FEAF-468E-BDED-132590F0E1BC}.Debug|Any CPU.ActiveCfg = Debug|Any CPU
		{0D26993E-FEAF-468E-BDED-132590F0E1BC}.Debug|Any CPU.Build.0 = Debug|Any CPU
		{0D26993E-FEAF-468E-BDED-132590F0E1BC}.Debug|x64.ActiveCfg = Debug|Any CPU
		{0D26993E-FEAF-468E-BDED-132590F0E1BC}.Debug|x64.Build.0 = Debug|Any CPU
		{0D26993E-FEAF-468E-BDED-132590F0E1BC}.Debug|x86.ActiveCfg = Debug|Any CPU
		{0D26993E-FEAF-468E-BDED-132590F0E1BC}.Debug|x86.Build.0 = Debug|Any CPU
		{0D26993E-FEAF-468E-BDED-132590F0E1BC}.Release|Any CPU.ActiveCfg = Release|Any CPU
		{0D26993E-FEAF-468E-BDED-132590F0E1BC}.Release|Any CPU.Build.0 = Release|Any CPU
		{0D26993E-FEAF-468E-BDED-132590F0E1BC}.Release|x64.ActiveCfg = Release|Any CPU
		{0D26993E-FEAF-468E-BDED-132590F0E1BC}.Release|x64.Build.0 = Release|Any CPU
		{0D26993E-FEAF-468E-BDED-132590F0E1BC}.Release|x86.ActiveCfg = Release|Any CPU
		{0D26993E-FEAF-468E-BDED-132590F0E1BC}.Release|x86.Build.0 = Release|Any CPU
		{A4D234BD-624D-4CD5-841F-5C2A62C8FA86}.Debug|Any CPU.ActiveCfg = Debug|Any CPU
		{A4D234BD-624D-4CD5-841F-5C2A62C8FA86}.Debug|Any CPU.Build.0 = Debug|Any CPU
		{A4D234BD-624D-4CD5-841F-5C2A62C8FA86}.Debug|x64.ActiveCfg = Debug|Any CPU
		{A4D234BD-624D-4CD5-841F-5C2A62C8FA86}.Debug|x64.Build.0 = Debug|Any CPU
		{A4D234BD-624D-4CD5-841F-5C2A62C8FA86}.Debug|x86.ActiveCfg = Debug|Any CPU
		{A4D234BD-624D-4CD5-841F-5C2A62C8FA86}.Debug|x86.Build.0 = Debug|Any CPU
		{A4D234BD-624D-4CD5-841F-5C2A62C8FA86}.Release|Any CPU.ActiveCfg = Release|Any CPU
		{A4D234BD-624D-4CD5-841F-5C2A62C8FA86}.Release|Any CPU.Build.0 = Release|Any CPU
		{A4D234BD-624D-4CD5-841F-5C2A62C8FA86}.Release|x64.ActiveCfg = Release|Any CPU
		{A4D234BD-624D-4CD5-841F-5C2A62C8FA86}.Release|x64.Build.0 = Release|Any CPU
		{A4D234BD-624D-4CD5-841F-5C2A62C8FA86}.Release|x86.ActiveCfg = Release|Any CPU
		{A4D234BD-624D-4CD5-841F-5C2A62C8FA86}.Release|x86.Build.0 = Release|Any CPU
		{844BAA5D-11B0-4325-B7CB-9613E321592B}.Debug|Any CPU.ActiveCfg = Debug|Any CPU
		{844BAA5D-11B0-4325-B7CB-9613E321592B}.Debug|Any CPU.Build.0 = Debug|Any CPU
		{844BAA5D-11B0-4325-B7CB-9613E321592B}.Debug|x64.ActiveCfg = Debug|Any CPU
		{844BAA5D-11B0-4325-B7CB-9613E321592B}.Debug|x64.Build.0 = Debug|Any CPU
		{844BAA5D-11B0-4325-B7CB-9613E321592B}.Debug|x86.ActiveCfg = Debug|Any CPU
		{844BAA5D-11B0-4325-B7CB-9613E321592B}.Debug|x86.Build.0 = Debug|Any CPU
		{844BAA5D-11B0-4325-B7CB-9613E321592B}.Release|Any CPU.ActiveCfg = Release|Any CPU
		{844BAA5D-11B0-4325-B7CB-9613E321592B}.Release|Any CPU.Build.0 = Release|Any CPU
		{844BAA5D-11B0-4325-B7CB-9613E321592B}.Release|x64.ActiveCfg = Release|Any CPU
		{844BAA5D-11B0-4325-B7CB-9613E321592B}.Release|x64.Build.0 = Release|Any CPU
		{844BAA5D-11B0-4325-B7CB-9613E321592B}.Release|x86.ActiveCfg = Release|Any CPU
		{844BAA5D-11B0-4325-B7CB-9613E321592B}.Release|x86.Build.0 = Release|Any CPU
		{28DDB4ED-A81A-447A-B97E-CDC2C7E56AD8}.Debug|Any CPU.ActiveCfg = Debug|Any CPU
		{28DDB4ED-A81A-447A-B97E-CDC2C7E56AD8}.Debug|Any CPU.Build.0 = Debug|Any CPU
		{28DDB4ED-A81A-447A-B97E-CDC2C7E56AD8}.Debug|x64.ActiveCfg = Debug|Any CPU
		{28DDB4ED-A81A-447A-B97E-CDC2C7E56AD8}.Debug|x64.Build.0 = Debug|Any CPU
		{28DDB4ED-A81A-447A-B97E-CDC2C7E56AD8}.Debug|x86.ActiveCfg = Debug|Any CPU
		{28DDB4ED-A81A-447A-B97E-CDC2C7E56AD8}.Debug|x86.Build.0 = Debug|Any CPU
		{28DDB4ED-A81A-447A-B97E-CDC2C7E56AD8}.Release|Any CPU.ActiveCfg = Release|Any CPU
		{28DDB4ED-A81A-447A-B97E-CDC2C7E56AD8}.Release|Any CPU.Build.0 = Release|Any CPU
		{28DDB4ED-A81A-447A-B97E-CDC2C7E56AD8}.Release|x64.ActiveCfg = Release|Any CPU
		{28DDB4ED-A81A-447A-B97E-CDC2C7E56AD8}.Release|x64.Build.0 = Release|Any CPU
		{28DDB4ED-A81A-447A-B97E-CDC2C7E56AD8}.Release|x86.ActiveCfg = Release|Any CPU
		{28DDB4ED-A81A-447A-B97E-CDC2C7E56AD8}.Release|x86.Build.0 = Release|Any CPU
		{FCF7B55E-AF99-49A6-8674-1F3A033D02B5}.Debug|Any CPU.ActiveCfg = Debug|Any CPU
		{FCF7B55E-AF99-49A6-8674-1F3A033D02B5}.Debug|Any CPU.Build.0 = Debug|Any CPU
		{FCF7B55E-AF99-49A6-8674-1F3A033D02B5}.Debug|x64.ActiveCfg = Debug|Any CPU
		{FCF7B55E-AF99-49A6-8674-1F3A033D02B5}.Debug|x64.Build.0 = Debug|Any CPU
		{FCF7B55E-AF99-49A6-8674-1F3A033D02B5}.Debug|x86.ActiveCfg = Debug|Any CPU
		{FCF7B55E-AF99-49A6-8674-1F3A033D02B5}.Debug|x86.Build.0 = Debug|Any CPU
		{FCF7B55E-AF99-49A6-8674-1F3A033D02B5}.Release|Any CPU.ActiveCfg = Release|Any CPU
		{FCF7B55E-AF99-49A6-8674-1F3A033D02B5}.Release|Any CPU.Build.0 = Release|Any CPU
		{FCF7B55E-AF99-49A6-8674-1F3A033D02B5}.Release|x64.ActiveCfg = Release|Any CPU
		{FCF7B55E-AF99-49A6-8674-1F3A033D02B5}.Release|x64.Build.0 = Release|Any CPU
		{FCF7B55E-AF99-49A6-8674-1F3A033D02B5}.Release|x86.ActiveCfg = Release|Any CPU
		{FCF7B55E-AF99-49A6-8674-1F3A033D02B5}.Release|x86.Build.0 = Release|Any CPU
		{ADA095BA-C405-4AC9-BDB8-5AAA83F06B20}.Debug|Any CPU.ActiveCfg = Debug|Any CPU
		{ADA095BA-C405-4AC9-BDB8-5AAA83F06B20}.Debug|Any CPU.Build.0 = Debug|Any CPU
		{ADA095BA-C405-4AC9-BDB8-5AAA83F06B20}.Debug|x64.ActiveCfg = Debug|Any CPU
		{ADA095BA-C405-4AC9-BDB8-5AAA83F06B20}.Debug|x64.Build.0 = Debug|Any CPU
		{ADA095BA-C405-4AC9-BDB8-5AAA83F06B20}.Debug|x86.ActiveCfg = Debug|Any CPU
		{ADA095BA-C405-4AC9-BDB8-5AAA83F06B20}.Debug|x86.Build.0 = Debug|Any CPU
		{ADA095BA-C405-4AC9-BDB8-5AAA83F06B20}.Release|Any CPU.ActiveCfg = Release|Any CPU
		{ADA095BA-C405-4AC9-BDB8-5AAA83F06B20}.Release|Any CPU.Build.0 = Release|Any CPU
		{ADA095BA-C405-4AC9-BDB8-5AAA83F06B20}.Release|x64.ActiveCfg = Release|Any CPU
		{ADA095BA-C405-4AC9-BDB8-5AAA83F06B20}.Release|x64.Build.0 = Release|Any CPU
		{ADA095BA-C405-4AC9-BDB8-5AAA83F06B20}.Release|x86.ActiveCfg = Release|Any CPU
		{ADA095BA-C405-4AC9-BDB8-5AAA83F06B20}.Release|x86.Build.0 = Release|Any CPU
		{17FE812F-DE9F-4563-BCB1-DEA209833586}.Debug|Any CPU.ActiveCfg = Debug|Any CPU
		{17FE812F-DE9F-4563-BCB1-DEA209833586}.Debug|Any CPU.Build.0 = Debug|Any CPU
		{17FE812F-DE9F-4563-BCB1-DEA209833586}.Debug|x64.ActiveCfg = Debug|Any CPU
		{17FE812F-DE9F-4563-BCB1-DEA209833586}.Debug|x64.Build.0 = Debug|Any CPU
		{17FE812F-DE9F-4563-BCB1-DEA209833586}.Debug|x86.ActiveCfg = Debug|Any CPU
		{17FE812F-DE9F-4563-BCB1-DEA209833586}.Debug|x86.Build.0 = Debug|Any CPU
		{17FE812F-DE9F-4563-BCB1-DEA209833586}.Release|Any CPU.ActiveCfg = Release|Any CPU
		{17FE812F-DE9F-4563-BCB1-DEA209833586}.Release|Any CPU.Build.0 = Release|Any CPU
		{17FE812F-DE9F-4563-BCB1-DEA209833586}.Release|x64.ActiveCfg = Release|Any CPU
		{17FE812F-DE9F-4563-BCB1-DEA209833586}.Release|x64.Build.0 = Release|Any CPU
		{17FE812F-DE9F-4563-BCB1-DEA209833586}.Release|x86.ActiveCfg = Release|Any CPU
		{17FE812F-DE9F-4563-BCB1-DEA209833586}.Release|x86.Build.0 = Release|Any CPU
		{A8A91597-2C46-4EAA-A789-B6EE94772EF7}.Debug|Any CPU.ActiveCfg = Debug|Any CPU
		{A8A91597-2C46-4EAA-A789-B6EE94772EF7}.Debug|Any CPU.Build.0 = Debug|Any CPU
		{A8A91597-2C46-4EAA-A789-B6EE94772EF7}.Debug|x64.ActiveCfg = Debug|Any CPU
		{A8A91597-2C46-4EAA-A789-B6EE94772EF7}.Debug|x64.Build.0 = Debug|Any CPU
		{A8A91597-2C46-4EAA-A789-B6EE94772EF7}.Debug|x86.ActiveCfg = Debug|Any CPU
		{A8A91597-2C46-4EAA-A789-B6EE94772EF7}.Debug|x86.Build.0 = Debug|Any CPU
		{A8A91597-2C46-4EAA-A789-B6EE94772EF7}.Release|Any CPU.ActiveCfg = Release|Any CPU
		{A8A91597-2C46-4EAA-A789-B6EE94772EF7}.Release|Any CPU.Build.0 = Release|Any CPU
		{A8A91597-2C46-4EAA-A789-B6EE94772EF7}.Release|x64.ActiveCfg = Release|Any CPU
		{A8A91597-2C46-4EAA-A789-B6EE94772EF7}.Release|x64.Build.0 = Release|Any CPU
		{A8A91597-2C46-4EAA-A789-B6EE94772EF7}.Release|x86.ActiveCfg = Release|Any CPU
		{A8A91597-2C46-4EAA-A789-B6EE94772EF7}.Release|x86.Build.0 = Release|Any CPU
		{DDE01FDE-66CF-47A4-B1E1-40C533C4FEFE}.Debug|Any CPU.ActiveCfg = Debug|Any CPU
		{DDE01FDE-66CF-47A4-B1E1-40C533C4FEFE}.Debug|Any CPU.Build.0 = Debug|Any CPU
		{DDE01FDE-66CF-47A4-B1E1-40C533C4FEFE}.Debug|x64.ActiveCfg = Debug|Any CPU
		{DDE01FDE-66CF-47A4-B1E1-40C533C4FEFE}.Debug|x64.Build.0 = Debug|Any CPU
		{DDE01FDE-66CF-47A4-B1E1-40C533C4FEFE}.Debug|x86.ActiveCfg = Debug|Any CPU
		{DDE01FDE-66CF-47A4-B1E1-40C533C4FEFE}.Debug|x86.Build.0 = Debug|Any CPU
		{DDE01FDE-66CF-47A4-B1E1-40C533C4FEFE}.Release|Any CPU.ActiveCfg = Release|Any CPU
		{DDE01FDE-66CF-47A4-B1E1-40C533C4FEFE}.Release|Any CPU.Build.0 = Release|Any CPU
		{DDE01FDE-66CF-47A4-B1E1-40C533C4FEFE}.Release|x64.ActiveCfg = Release|Any CPU
		{DDE01FDE-66CF-47A4-B1E1-40C533C4FEFE}.Release|x64.Build.0 = Release|Any CPU
		{DDE01FDE-66CF-47A4-B1E1-40C533C4FEFE}.Release|x86.ActiveCfg = Release|Any CPU
		{DDE01FDE-66CF-47A4-B1E1-40C533C4FEFE}.Release|x86.Build.0 = Release|Any CPU
		{C744E1E2-4AF5-43E0-A0A4-90EE42EB5B21}.Debug|Any CPU.ActiveCfg = Debug|Any CPU
		{C744E1E2-4AF5-43E0-A0A4-90EE42EB5B21}.Debug|Any CPU.Build.0 = Debug|Any CPU
		{C744E1E2-4AF5-43E0-A0A4-90EE42EB5B21}.Debug|x64.ActiveCfg = Debug|Any CPU
		{C744E1E2-4AF5-43E0-A0A4-90EE42EB5B21}.Debug|x64.Build.0 = Debug|Any CPU
		{C744E1E2-4AF5-43E0-A0A4-90EE42EB5B21}.Debug|x86.ActiveCfg = Debug|Any CPU
		{C744E1E2-4AF5-43E0-A0A4-90EE42EB5B21}.Debug|x86.Build.0 = Debug|Any CPU
		{C744E1E2-4AF5-43E0-A0A4-90EE42EB5B21}.Release|Any CPU.ActiveCfg = Release|Any CPU
		{C744E1E2-4AF5-43E0-A0A4-90EE42EB5B21}.Release|Any CPU.Build.0 = Release|Any CPU
		{C744E1E2-4AF5-43E0-A0A4-90EE42EB5B21}.Release|x64.ActiveCfg = Release|Any CPU
		{C744E1E2-4AF5-43E0-A0A4-90EE42EB5B21}.Release|x64.Build.0 = Release|Any CPU
		{C744E1E2-4AF5-43E0-A0A4-90EE42EB5B21}.Release|x86.ActiveCfg = Release|Any CPU
		{C744E1E2-4AF5-43E0-A0A4-90EE42EB5B21}.Release|x86.Build.0 = Release|Any CPU
	EndGlobalSection
	GlobalSection(NestedProjects) = preSolution
		{420D53D6-8D8C-48B0-860D-90E9E93D5E50} = {8D8518F7-BFAB-4425-9505-89617ABC560F}
		{0D26993E-FEAF-468E-BDED-132590F0E1BC} = {51CFEDB5-28F6-4DDB-8A73-AD02D4B2261F}
		{A4D234BD-624D-4CD5-841F-5C2A62C8FA86} = {51CFEDB5-28F6-4DDB-8A73-AD02D4B2261F}
		{844BAA5D-11B0-4325-B7CB-9613E321592B} = {51CFEDB5-28F6-4DDB-8A73-AD02D4B2261F}
		{28DDB4ED-A81A-447A-B97E-CDC2C7E56AD8} = {51CFEDB5-28F6-4DDB-8A73-AD02D4B2261F}
		{FCF7B55E-AF99-49A6-8674-1F3A033D02B5} = {7405663D-0AD3-47DB-8F8C-917592111EF1}
		{17FE812F-DE9F-4563-BCB1-DEA209833586} = {93FA0DC1-573A-46EC-BFED-4A44ECC2C24C}
		{A8A91597-2C46-4EAA-A789-B6EE94772EF7} = {93FA0DC1-573A-46EC-BFED-4A44ECC2C24C}
		{DDE01FDE-66CF-47A4-B1E1-40C533C4FEFE} = {93FA0DC1-573A-46EC-BFED-4A44ECC2C24C}
	EndGlobalSection
EndGlobal
